
Microsoft Visual Studio Solution File, Format Version 12.00
# Visual Studio Version 16
VisualStudioVersion = 25.0.1704.3
MinimumVisualStudioVersion = 10.0.40219.1
Project("{FAE04EC0-301F-11D3-BF4B-00C04F79EFBC}") = "testCert.Android", "testCert\testCert.Android\testCert.Android.csproj", "{2A05D36E-8F93-47F8-9021-D439B232BC79}"
EndProject
Project("{FAE04EC0-301F-11D3-BF4B-00C04F79EFBC}") = "testCert.iOS", "testCert\testCert.iOS\testCert.iOS.csproj", "{41B82AF6-521C-45B2-BABE-16864F2DB32D}"
EndProject
Project("{FAE04EC0-301F-11D3-BF4B-00C04F79EFBC}") = "testCert", "testCert\testCert\testCert.csproj", "{FE4EA414-7D3C-42A1-B149-399290FC9E5D}"
EndProject
Global
	GlobalSection(SolutionConfigurationPlatforms) = preSolution
		Debug|Any CPU = Debug|Any CPU
		Release|Any CPU = Release|Any CPU
		Debug|iPhoneSimulator = Debug|iPhoneSimulator
		Release|iPhoneSimulator = Release|iPhoneSimulator
		Debug|iPhone = Debug|iPhone
		Release|iPhone = Release|iPhone
	EndGlobalSection
	GlobalSection(ProjectConfigurationPlatforms) = postSolution
		{2A05D36E-8F93-47F8-9021-D439B232BC79}.Debug|Any CPU.ActiveCfg = Debug|Any CPU
		{2A05D36E-8F93-47F8-9021-D439B232BC79}.Debug|Any CPU.Build.0 = Debug|Any CPU
		{2A05D36E-8F93-47F8-9021-D439B232BC79}.Release|Any CPU.ActiveCfg = Release|Any CPU
		{2A05D36E-8F93-47F8-9021-D439B232BC79}.Release|Any CPU.Build.0 = Release|Any CPU
		{2A05D36E-8F93-47F8-9021-D439B232BC79}.Debug|iPhoneSimulator.ActiveCfg = Debug|Any CPU
		{2A05D36E-8F93-47F8-9021-D439B232BC79}.Debug|iPhoneSimulator.Build.0 = Debug|Any CPU
		{2A05D36E-8F93-47F8-9021-D439B232BC79}.Release|iPhoneSimulator.ActiveCfg = Release|Any CPU
		{2A05D36E-8F93-47F8-9021-D439B232BC79}.Release|iPhoneSimulator.Build.0 = Release|Any CPU
		{2A05D36E-8F93-47F8-9021-D439B232BC79}.Debug|iPhone.ActiveCfg = Debug|Any CPU
		{2A05D36E-8F93-47F8-9021-D439B232BC79}.Debug|iPhone.Build.0 = Debug|Any CPU
		{2A05D36E-8F93-47F8-9021-D439B232BC79}.Release|iPhone.ActiveCfg = Release|Any CPU
		{2A05D36E-8F93-47F8-9021-D439B232BC79}.Release|iPhone.Build.0 = Release|Any CPU
		{41B82AF6-521C-45B2-BABE-16864F2DB32D}.Debug|Any CPU.ActiveCfg = Debug|iPhoneSimulator
		{41B82AF6-521C-45B2-BABE-16864F2DB32D}.Debug|Any CPU.Build.0 = Debug|iPhoneSimulator
		{41B82AF6-521C-45B2-BABE-16864F2DB32D}.Release|Any CPU.ActiveCfg = Release|iPhoneSimulator
		{41B82AF6-521C-45B2-BABE-16864F2DB32D}.Release|Any CPU.Build.0 = Release|iPhoneSimulator
		{41B82AF6-521C-45B2-BABE-16864F2DB32D}.Debug|iPhoneSimulator.ActiveCfg = Debug|iPhoneSimulator
		{41B82AF6-521C-45B2-BABE-16864F2DB32D}.Debug|iPhoneSimulator.Build.0 = Debug|iPhoneSimulator
		{41B82AF6-521C-45B2-BABE-16864F2DB32D}.Release|iPhoneSimulator.ActiveCfg = Release|iPhoneSimulator
		{41B82AF6-521C-45B2-BABE-16864F2DB32D}.Release|iPhoneSimulator.Build.0 = Release|iPhoneSimulator
		{41B82AF6-521C-45B2-BABE-16864F2DB32D}.Debug|iPhone.ActiveCfg = Debug|iPhone
		{41B82AF6-521C-45B2-BABE-16864F2DB32D}.Debug|iPhone.Build.0 = Debug|iPhone
		{41B82AF6-521C-45B2-BABE-16864F2DB32D}.Release|iPhone.ActiveCfg = Release|iPhone
		{41B82AF6-521C-45B2-BABE-16864F2DB32D}.Release|iPhone.Build.0 = Release|iPhone
		{FE4EA414-7D3C-42A1-B149-399290FC9E5D}.Debug|Any CPU.ActiveCfg = Debug|Any CPU
		{FE4EA414-7D3C-42A1-B149-399290FC9E5D}.Debug|Any CPU.Build.0 = Debug|Any CPU
		{FE4EA414-7D3C-42A1-B149-399290FC9E5D}.Release|Any CPU.ActiveCfg = Release|Any CPU
		{FE4EA414-7D3C-42A1-B149-399290FC9E5D}.Release|Any CPU.Build.0 = Release|Any CPU
		{FE4EA414-7D3C-42A1-B149-399290FC9E5D}.Debug|iPhoneSimulator.ActiveCfg = Debug|Any CPU
		{FE4EA414-7D3C-42A1-B149-399290FC9E5D}.Debug|iPhoneSimulator.Build.0 = Debug|Any CPU
		{FE4EA414-7D3C-42A1-B149-399290FC9E5D}.Release|iPhoneSimulator.ActiveCfg = Release|Any CPU
		{FE4EA414-7D3C-42A1-B149-399290FC9E5D}.Release|iPhoneSimulator.Build.0 = Release|Any CPU
		{FE4EA414-7D3C-42A1-B149-399290FC9E5D}.Debug|iPhone.ActiveCfg = Debug|Any CPU
		{FE4EA414-7D3C-42A1-B149-399290FC9E5D}.Debug|iPhone.Build.0 = Debug|Any CPU
		{FE4EA414-7D3C-42A1-B149-399290FC9E5D}.Release|iPhone.ActiveCfg = Release|Any CPU
		{FE4EA414-7D3C-42A1-B149-399290FC9E5D}.Release|iPhone.Build.0 = Release|Any CPU
	EndGlobalSection
	GlobalSection(SolutionProperties) = preSolution
		HideSolutionNode = FALSE
	EndGlobalSection
	GlobalSection(ExtensibilityGlobals) = postSolution
		SolutionGuid = {97841880-40A0-46CE-843B-BAF5242A43C2}
	EndGlobalSection
EndGlobal
